// !$*UTF8*$!
{
	archiveVersion = 1;
	classes = {
	};
	objectVersion = 46;
	objects = {

/* Begin PBXBuildFile section */
		1BAF780F2E5A529E54DEB0A2 /* Pods_DhyanaMandiraTests.framework in Frameworks */ = {isa = PBXBuildFile; fileRef = B018C040A9EAA244ED866877 /* Pods_DhyanaMandiraTests.framework */; };
		643AF723BDA75A2160E662CE /* Pods_DhyanaMandira.framework in Frameworks */ = {isa = PBXBuildFile; fileRef = 0A18E866B817193E3FB73EFF /* Pods_DhyanaMandira.framework */; };
		B780CDBB182613AD0FF952CD /* Pods_DhyanaMandiraUITests.framework in Frameworks */ = {isa = PBXBuildFile; fileRef = 3B81C3226A3932520F23FA91 /* Pods_DhyanaMandiraUITests.framework */; };
		CBF20F9E1F04BBC2006A1E4D /* AppDelegate.swift in Sources */ = {isa = PBXBuildFile; fileRef = CBF20F9D1F04BBC2006A1E4D /* AppDelegate.swift */; };
		CBF20FA01F04BBC2006A1E4D /* ViewController.swift in Sources */ = {isa = PBXBuildFile; fileRef = CBF20F9F1F04BBC2006A1E4D /* ViewController.swift */; };
		CBF20FA31F04BBC2006A1E4D /* Main.storyboard in Resources */ = {isa = PBXBuildFile; fileRef = CBF20FA11F04BBC2006A1E4D /* Main.storyboard */; };
		CBF20FA51F04BBC2006A1E4D /* Assets.xcassets in Resources */ = {isa = PBXBuildFile; fileRef = CBF20FA41F04BBC2006A1E4D /* Assets.xcassets */; };
		CBF20FA81F04BBC2006A1E4D /* LaunchScreen.storyboard in Resources */ = {isa = PBXBuildFile; fileRef = CBF20FA61F04BBC2006A1E4D /* LaunchScreen.storyboard */; };
		CBF20FB31F04BBC3006A1E4D /* DhyanaMandiraTests.swift in Sources */ = {isa = PBXBuildFile; fileRef = CBF20FB21F04BBC3006A1E4D /* DhyanaMandiraTests.swift */; };
		CBF20FBE1F04BBC3006A1E4D /* DhyanaMandiraUITests.swift in Sources */ = {isa = PBXBuildFile; fileRef = CBF20FBD1F04BBC3006A1E4D /* DhyanaMandiraUITests.swift */; };
		CBF20FD21F05193B006A1E4D /* LeftSideNavViewController.swift in Sources */ = {isa = PBXBuildFile; fileRef = CBF20FD11F05193B006A1E4D /* LeftSideNavViewController.swift */; };
		CBF20FDD1F051AC9006A1E4D /* MMDrawerBarButtonItem.m in Sources */ = {isa = PBXBuildFile; fileRef = CBF20FD51F051AC9006A1E4D /* MMDrawerBarButtonItem.m */; };
		CBF20FDE1F051AC9006A1E4D /* MMDrawerController.m in Sources */ = {isa = PBXBuildFile; fileRef = CBF20FD71F051AC9006A1E4D /* MMDrawerController.m */; };
		CBF20FDF1F051AC9006A1E4D /* MMDrawerVisualState.m in Sources */ = {isa = PBXBuildFile; fileRef = CBF20FDA1F051AC9006A1E4D /* MMDrawerVisualState.m */; };
		CBF20FE01F051AC9006A1E4D /* UIViewController+MMDrawerController.m in Sources */ = {isa = PBXBuildFile; fileRef = CBF20FDC1F051AC9006A1E4D /* UIViewController+MMDrawerController.m */; };
		CBF20FE41F05296D006A1E4D /* header_om.png in Resources */ = {isa = PBXBuildFile; fileRef = CBF20FE31F05296D006A1E4D /* header_om.png */; };
		CBF20FE61F06156C006A1E4D /* NavigationDrawerMenuItemTableViewCell.swift in Sources */ = {isa = PBXBuildFile; fileRef = CBF20FE51F06156C006A1E4D /* NavigationDrawerMenuItemTableViewCell.swift */; };
		CBF20FE81F061E15006A1E4D /* dhyana_mandira_about.jpg in Resources */ = {isa = PBXBuildFile; fileRef = CBF20FE71F061E15006A1E4D /* dhyana_mandira_about.jpg */; };
		CBF20FFD1F061E95006A1E4D /* ic_action_abhyasas.png in Resources */ = {isa = PBXBuildFile; fileRef = CBF20FE91F061E95006A1E4D /* ic_action_abhyasas.png */; };
		CBF20FFE1F061E95006A1E4D /* ic_action_ashtanga_yoga.png in Resources */ = {isa = PBXBuildFile; fileRef = CBF20FEA1F061E95006A1E4D /* ic_action_ashtanga_yoga.png */; };
		CBF20FFF1F061E95006A1E4D /* ic_action_attach_money.png in Resources */ = {isa = PBXBuildFile; fileRef = CBF20FEB1F061E95006A1E4D /* ic_action_attach_money.png */; };
		CBF210001F061E95006A1E4D /* ic_action_aum_mantra_symbol.png in Resources */ = {isa = PBXBuildFile; fileRef = CBF20FEC1F061E95006A1E4D /* ic_action_aum_mantra_symbol.png */; };
		CBF210011F061E95006A1E4D /* ic_action_call.png in Resources */ = {isa = PBXBuildFile; fileRef = CBF20FED1F061E95006A1E4D /* ic_action_call.png */; };
		CBF210021F061E95006A1E4D /* ic_action_collections.png in Resources */ = {isa = PBXBuildFile; fileRef = CBF20FEE1F061E95006A1E4D /* ic_action_collections.png */; };
		CBF210031F061E95006A1E4D /* ic_action_contact_mail.png in Resources */ = {isa = PBXBuildFile; fileRef = CBF20FEF1F061E95006A1E4D /* ic_action_contact_mail.png */; };
		CBF210041F061E95006A1E4D /* ic_action_contact_phone.png in Resources */ = {isa = PBXBuildFile; fileRef = CBF20FF01F061E95006A1E4D /* ic_action_contact_phone.png */; };
		CBF210051F061E95006A1E4D /* ic_action_dhyana.png in Resources */ = {isa = PBXBuildFile; fileRef = CBF20FF11F061E95006A1E4D /* ic_action_dhyana.png */; };
		CBF210061F061E95006A1E4D /* ic_action_directions_walk.png in Resources */ = {isa = PBXBuildFile; fileRef = CBF20FF21F061E95006A1E4D /* ic_action_directions_walk.png */; };
		CBF210071F061E95006A1E4D /* ic_action_event_note.png in Resources */ = {isa = PBXBuildFile; fileRef = CBF20FF31F061E95006A1E4D /* ic_action_event_note.png */; };
		CBF210081F061E95006A1E4D /* ic_action_info_outline.png in Resources */ = {isa = PBXBuildFile; fileRef = CBF20FF41F061E95006A1E4D /* ic_action_info_outline.png */; };
		CBF210091F061E95006A1E4D /* ic_action_insert_comment.png in Resources */ = {isa = PBXBuildFile; fileRef = CBF20FF51F061E95006A1E4D /* ic_action_insert_comment.png */; };
		CBF2100A1F061E95006A1E4D /* ic_action_notifications.png in Resources */ = {isa = PBXBuildFile; fileRef = CBF20FF61F061E95006A1E4D /* ic_action_notifications.png */; };
		CBF2100B1F061E95006A1E4D /* ic_action_ondemand_video.png in Resources */ = {isa = PBXBuildFile; fileRef = CBF20FF71F061E95006A1E4D /* ic_action_ondemand_video.png */; };
		CBF2100C1F061E95006A1E4D /* ic_action_person_outline.png in Resources */ = {isa = PBXBuildFile; fileRef = CBF20FF81F061E95006A1E4D /* ic_action_person_outline.png */; };
		CBF2100D1F061E95006A1E4D /* ic_action_share.png in Resources */ = {isa = PBXBuildFile; fileRef = CBF20FF91F061E95006A1E4D /* ic_action_share.png */; };
		CBF2100E1F061E95006A1E4D /* ic_action_thumb_up.png in Resources */ = {isa = PBXBuildFile; fileRef = CBF20FFA1F061E95006A1E4D /* ic_action_thumb_up.png */; };
		CBF2100F1F061E95006A1E4D /* ic_stat_notif_icon_firebase_om.png in Resources */ = {isa = PBXBuildFile; fileRef = CBF20FFB1F061E95006A1E4D /* ic_stat_notif_icon_firebase_om.png */; };
		CBF210101F061E95006A1E4D /* sir.9.png in Resources */ = {isa = PBXBuildFile; fileRef = CBF20FFC1F061E95006A1E4D /* sir.9.png */; };
		CBF210151F0A06BA006A1E4D /* RegistrationViewController.swift in Sources */ = {isa = PBXBuildFile; fileRef = CBF210141F0A06BA006A1E4D /* RegistrationViewController.swift */; };
		CBF210171F0A4C26006A1E4D /* AshtangaViewController.swift in Sources */ = {isa = PBXBuildFile; fileRef = CBF210161F0A4C26006A1E4D /* AshtangaViewController.swift */; };
		CBF210191F0A4DF7006A1E4D /* DhyanaMandiraViewController.swift in Sources */ = {isa = PBXBuildFile; fileRef = CBF210181F0A4DF7006A1E4D /* DhyanaMandiraViewController.swift */; };
		CBF2101B1F0A522E006A1E4D /* FounderViewController.swift in Sources */ = {isa = PBXBuildFile; fileRef = CBF2101A1F0A522E006A1E4D /* FounderViewController.swift */; };
		CBF2104B1F0CF5F1006A1E4D /* image_1.jpg in Resources */ = {isa = PBXBuildFile; fileRef = CBF210211F0CF5F1006A1E4D /* image_1.jpg */; };
		CBF2104C1F0CF5F1006A1E4D /* image_2.jpg in Resources */ = {isa = PBXBuildFile; fileRef = CBF210221F0CF5F1006A1E4D /* image_2.jpg */; };
		CBF2104D1F0CF5F1006A1E4D /* image_3.jpg in Resources */ = {isa = PBXBuildFile; fileRef = CBF210231F0CF5F1006A1E4D /* image_3.jpg */; };
		CBF2104E1F0CF5F1006A1E4D /* image_4.jpg in Resources */ = {isa = PBXBuildFile; fileRef = CBF210241F0CF5F1006A1E4D /* image_4.jpg */; };
		CBF2104F1F0CF5F1006A1E4D /* image_5.jpg in Resources */ = {isa = PBXBuildFile; fileRef = CBF210251F0CF5F1006A1E4D /* image_5.jpg */; };
		CBF210501F0CF5F1006A1E4D /* image_6.jpg in Resources */ = {isa = PBXBuildFile; fileRef = CBF210261F0CF5F1006A1E4D /* image_6.jpg */; };
		CBF210511F0CF5F1006A1E4D /* image_7.jpg in Resources */ = {isa = PBXBuildFile; fileRef = CBF210271F0CF5F1006A1E4D /* image_7.jpg */; };
		CBF210521F0CF5F1006A1E4D /* image_8.jpg in Resources */ = {isa = PBXBuildFile; fileRef = CBF210281F0CF5F1006A1E4D /* image_8.jpg */; };
		CBF210531F0CF5F1006A1E4D /* image_9.jpg in Resources */ = {isa = PBXBuildFile; fileRef = CBF210291F0CF5F1006A1E4D /* image_9.jpg */; };
		CBF210541F0CF5F1006A1E4D /* image_10.jpg in Resources */ = {isa = PBXBuildFile; fileRef = CBF2102A1F0CF5F1006A1E4D /* image_10.jpg */; };
		CBF210551F0CF5F1006A1E4D /* image_11.jpg in Resources */ = {isa = PBXBuildFile; fileRef = CBF2102B1F0CF5F1006A1E4D /* image_11.jpg */; };
		CBF210561F0CF5F1006A1E4D /* image_12.jpg in Resources */ = {isa = PBXBuildFile; fileRef = CBF2102C1F0CF5F1006A1E4D /* image_12.jpg */; };
		CBF210571F0CF5F1006A1E4D /* image_13.jpg in Resources */ = {isa = PBXBuildFile; fileRef = CBF2102D1F0CF5F1006A1E4D /* image_13.jpg */; };
		CBF210581F0CF5F1006A1E4D /* image_14.jpg in Resources */ = {isa = PBXBuildFile; fileRef = CBF2102E1F0CF5F1006A1E4D /* image_14.jpg */; };
		CBF210591F0CF5F1006A1E4D /* image_15.jpg in Resources */ = {isa = PBXBuildFile; fileRef = CBF2102F1F0CF5F1006A1E4D /* image_15.jpg */; };
		CBF2105A1F0CF5F1006A1E4D /* image_16.jpg in Resources */ = {isa = PBXBuildFile; fileRef = CBF210301F0CF5F1006A1E4D /* image_16.jpg */; };
		CBF2105B1F0CF5F1006A1E4D /* image_17.jpg in Resources */ = {isa = PBXBuildFile; fileRef = CBF210311F0CF5F1006A1E4D /* image_17.jpg */; };
		CBF2105C1F0CF5F1006A1E4D /* image_18.jpg in Resources */ = {isa = PBXBuildFile; fileRef = CBF210321F0CF5F1006A1E4D /* image_18.jpg */; };
		CBF2105D1F0CF5F1006A1E4D /* image_19.jpg in Resources */ = {isa = PBXBuildFile; fileRef = CBF210331F0CF5F1006A1E4D /* image_19.jpg */; };
		CBF2105E1F0CF5F1006A1E4D /* image_20.jpg in Resources */ = {isa = PBXBuildFile; fileRef = CBF210341F0CF5F1006A1E4D /* image_20.jpg */; };
		CBF2105F1F0CF5F1006A1E4D /* image_21.jpg in Resources */ = {isa = PBXBuildFile; fileRef = CBF210351F0CF5F1006A1E4D /* image_21.jpg */; };
		CBF210601F0CF5F1006A1E4D /* image_22.jpg in Resources */ = {isa = PBXBuildFile; fileRef = CBF210361F0CF5F1006A1E4D /* image_22.jpg */; };
		CBF210611F0CF5F1006A1E4D /* image_23.jpg in Resources */ = {isa = PBXBuildFile; fileRef = CBF210371F0CF5F1006A1E4D /* image_23.jpg */; };
		CBF210621F0CF5F1006A1E4D /* image_24.jpg in Resources */ = {isa = PBXBuildFile; fileRef = CBF210381F0CF5F1006A1E4D /* image_24.jpg */; };
		CBF210631F0CF5F1006A1E4D /* image_25.jpg in Resources */ = {isa = PBXBuildFile; fileRef = CBF210391F0CF5F1006A1E4D /* image_25.jpg */; };
		CBF210641F0CF5F1006A1E4D /* image_26.jpg in Resources */ = {isa = PBXBuildFile; fileRef = CBF2103A1F0CF5F1006A1E4D /* image_26.jpg */; };
		CBF210651F0CF5F1006A1E4D /* image_27.jpg in Resources */ = {isa = PBXBuildFile; fileRef = CBF2103B1F0CF5F1006A1E4D /* image_27.jpg */; };
		CBF210661F0CF5F1006A1E4D /* image_28.jpg in Resources */ = {isa = PBXBuildFile; fileRef = CBF2103C1F0CF5F1006A1E4D /* image_28.jpg */; };
		CBF210671F0CF5F1006A1E4D /* image_29.jpg in Resources */ = {isa = PBXBuildFile; fileRef = CBF2103D1F0CF5F1006A1E4D /* image_29.jpg */; };
		CBF210681F0CF5F1006A1E4D /* image_30.jpg in Resources */ = {isa = PBXBuildFile; fileRef = CBF2103E1F0CF5F1006A1E4D /* image_30.jpg */; };
		CBF210691F0CF5F1006A1E4D /* image_31.jpg in Resources */ = {isa = PBXBuildFile; fileRef = CBF2103F1F0CF5F1006A1E4D /* image_31.jpg */; };
		CBF2106A1F0CF5F1006A1E4D /* image_32.jpg in Resources */ = {isa = PBXBuildFile; fileRef = CBF210401F0CF5F1006A1E4D /* image_32.jpg */; };
		CBF2106B1F0CF5F1006A1E4D /* image_33.jpg in Resources */ = {isa = PBXBuildFile; fileRef = CBF210411F0CF5F1006A1E4D /* image_33.jpg */; };
		CBF2106C1F0CF5F1006A1E4D /* image_34.jpg in Resources */ = {isa = PBXBuildFile; fileRef = CBF210421F0CF5F1006A1E4D /* image_34.jpg */; };
		CBF2106D1F0CF5F1006A1E4D /* image_35.jpg in Resources */ = {isa = PBXBuildFile; fileRef = CBF210431F0CF5F1006A1E4D /* image_35.jpg */; };
		CBF2106E1F0CF5F1006A1E4D /* image_36.jpg in Resources */ = {isa = PBXBuildFile; fileRef = CBF210441F0CF5F1006A1E4D /* image_36.jpg */; };
		CBF2106F1F0CF5F1006A1E4D /* image_37.jpg in Resources */ = {isa = PBXBuildFile; fileRef = CBF210451F0CF5F1006A1E4D /* image_37.jpg */; };
		CBF210701F0CF5F1006A1E4D /* image_38.jpg in Resources */ = {isa = PBXBuildFile; fileRef = CBF210461F0CF5F1006A1E4D /* image_38.jpg */; };
		CBF210711F0CF5F1006A1E4D /* image_39.jpg in Resources */ = {isa = PBXBuildFile; fileRef = CBF210471F0CF5F1006A1E4D /* image_39.jpg */; };
		CBF210721F0CF5F1006A1E4D /* image_40.jpg in Resources */ = {isa = PBXBuildFile; fileRef = CBF210481F0CF5F1006A1E4D /* image_40.jpg */; };
		CBF210731F0CF5F1006A1E4D /* image_41.jpg in Resources */ = {isa = PBXBuildFile; fileRef = CBF210491F0CF5F1006A1E4D /* image_41.jpg */; };
		CBF210741F0CF5F1006A1E4D /* image_42.jpg in Resources */ = {isa = PBXBuildFile; fileRef = CBF2104A1F0CF5F1006A1E4D /* image_42.jpg */; };
		CBF210761F0CF6CA006A1E4D /* GalleryViewController.swift in Sources */ = {isa = PBXBuildFile; fileRef = CBF210751F0CF6CA006A1E4D /* GalleryViewController.swift */; };
		CBF210781F0CF91E006A1E4D /* GalleryCollectionViewCell.swift in Sources */ = {isa = PBXBuildFile; fileRef = CBF210771F0CF91E006A1E4D /* GalleryCollectionViewCell.swift */; };
		CBF2107A1F0D11A5006A1E4D /* VisitViewController.swift in Sources */ = {isa = PBXBuildFile; fileRef = CBF210791F0D11A5006A1E4D /* VisitViewController.swift */; };
		CBF2107C1F0E48E9006A1E4D /* CallViewController.swift in Sources */ = {isa = PBXBuildFile; fileRef = CBF2107B1F0E48E9006A1E4D /* CallViewController.swift */; };
		CBF210861F0E6250006A1E4D /* EventsViewController.swift in Sources */ = {isa = PBXBuildFile; fileRef = CBF210851F0E6250006A1E4D /* EventsViewController.swift */; };
		CBF210881F0E6272006A1E4D /* CommentsViewController.swift in Sources */ = {isa = PBXBuildFile; fileRef = CBF210871F0E6272006A1E4D /* CommentsViewController.swift */; };
		CBF2108A1F0E6289006A1E4D /* AbhyasaViewController.swift in Sources */ = {isa = PBXBuildFile; fileRef = CBF210891F0E6289006A1E4D /* AbhyasaViewController.swift */; };
		CBF2108C1F0E629F006A1E4D /* MantrasViewController.swift in Sources */ = {isa = PBXBuildFile; fileRef = CBF2108B1F0E629F006A1E4D /* MantrasViewController.swift */; };
		CBF2108E1F0E65AB006A1E4D /* FacebookViewController.swift in Sources */ = {isa = PBXBuildFile; fileRef = CBF2108D1F0E65AB006A1E4D /* FacebookViewController.swift */; };
/* End PBXBuildFile section */

/* Begin PBXContainerItemProxy section */
		CBF20FAF1F04BBC3006A1E4D /* PBXContainerItemProxy */ = {
			isa = PBXContainerItemProxy;
			containerPortal = CBF20F921F04BBC2006A1E4D /* Project object */;
			proxyType = 1;
			remoteGlobalIDString = CBF20F991F04BBC2006A1E4D;
			remoteInfo = DhyanaMandira;
		};
		CBF20FBA1F04BBC3006A1E4D /* PBXContainerItemProxy */ = {
			isa = PBXContainerItemProxy;
			containerPortal = CBF20F921F04BBC2006A1E4D /* Project object */;
			proxyType = 1;
			remoteGlobalIDString = CBF20F991F04BBC2006A1E4D;
			remoteInfo = DhyanaMandira;
		};
/* End PBXContainerItemProxy section */

/* Begin PBXFileReference section */
		0A18E866B817193E3FB73EFF /* Pods_DhyanaMandira.framework */ = {isa = PBXFileReference; explicitFileType = wrapper.framework; includeInIndex = 0; path = Pods_DhyanaMandira.framework; sourceTree = BUILT_PRODUCTS_DIR; };
		31C1A549EBAD4DE6E1B5C02B /* Pods-DhyanaMandiraTests.debug.xcconfig */ = {isa = PBXFileReference; includeInIndex = 1; lastKnownFileType = text.xcconfig; name = "Pods-DhyanaMandiraTests.debug.xcconfig"; path = "Pods/Target Support Files/Pods-DhyanaMandiraTests/Pods-DhyanaMandiraTests.debug.xcconfig"; sourceTree = "<group>"; };
		3B81C3226A3932520F23FA91 /* Pods_DhyanaMandiraUITests.framework */ = {isa = PBXFileReference; explicitFileType = wrapper.framework; includeInIndex = 0; path = Pods_DhyanaMandiraUITests.framework; sourceTree = BUILT_PRODUCTS_DIR; };
		6453E7CD1CBACCFB3F79D755 /* Pods-DhyanaMandiraUITests.debug.xcconfig */ = {isa = PBXFileReference; includeInIndex = 1; lastKnownFileType = text.xcconfig; name = "Pods-DhyanaMandiraUITests.debug.xcconfig"; path = "Pods/Target Support Files/Pods-DhyanaMandiraUITests/Pods-DhyanaMandiraUITests.debug.xcconfig"; sourceTree = "<group>"; };
		785E0C3A4641A32125E243B4 /* Pods-DhyanaMandiraTests.release.xcconfig */ = {isa = PBXFileReference; includeInIndex = 1; lastKnownFileType = text.xcconfig; name = "Pods-DhyanaMandiraTests.release.xcconfig"; path = "Pods/Target Support Files/Pods-DhyanaMandiraTests/Pods-DhyanaMandiraTests.release.xcconfig"; sourceTree = "<group>"; };
		8DFE5B9A4738726BE861E201 /* Pods-DhyanaMandira.debug.xcconfig */ = {isa = PBXFileReference; includeInIndex = 1; lastKnownFileType = text.xcconfig; name = "Pods-DhyanaMandira.debug.xcconfig"; path = "Pods/Target Support Files/Pods-DhyanaMandira/Pods-DhyanaMandira.debug.xcconfig"; sourceTree = "<group>"; };
		B018C040A9EAA244ED866877 /* Pods_DhyanaMandiraTests.framework */ = {isa = PBXFileReference; explicitFileType = wrapper.framework; includeInIndex = 0; path = Pods_DhyanaMandiraTests.framework; sourceTree = BUILT_PRODUCTS_DIR; };
		CB9B7578E4E9A221CC964689 /* Pods-DhyanaMandira.release.xcconfig */ = {isa = PBXFileReference; includeInIndex = 1; lastKnownFileType = text.xcconfig; name = "Pods-DhyanaMandira.release.xcconfig"; path = "Pods/Target Support Files/Pods-DhyanaMandira/Pods-DhyanaMandira.release.xcconfig"; sourceTree = "<group>"; };
		CBF20F9A1F04BBC2006A1E4D /* DhyanaMandira.app */ = {isa = PBXFileReference; explicitFileType = wrapper.application; includeInIndex = 0; path = DhyanaMandira.app; sourceTree = BUILT_PRODUCTS_DIR; };
		CBF20F9D1F04BBC2006A1E4D /* AppDelegate.swift */ = {isa = PBXFileReference; lastKnownFileType = sourcecode.swift; path = AppDelegate.swift; sourceTree = "<group>"; };
		CBF20F9F1F04BBC2006A1E4D /* ViewController.swift */ = {isa = PBXFileReference; lastKnownFileType = sourcecode.swift; path = ViewController.swift; sourceTree = "<group>"; };
		CBF20FA21F04BBC2006A1E4D /* Base */ = {isa = PBXFileReference; lastKnownFileType = file.storyboard; name = Base; path = Base.lproj/Main.storyboard; sourceTree = "<group>"; };
		CBF20FA41F04BBC2006A1E4D /* Assets.xcassets */ = {isa = PBXFileReference; lastKnownFileType = folder.assetcatalog; path = Assets.xcassets; sourceTree = "<group>"; };
		CBF20FA71F04BBC2006A1E4D /* Base */ = {isa = PBXFileReference; lastKnownFileType = file.storyboard; name = Base; path = Base.lproj/LaunchScreen.storyboard; sourceTree = "<group>"; };
		CBF20FA91F04BBC2006A1E4D /* Info.plist */ = {isa = PBXFileReference; lastKnownFileType = text.plist.xml; path = Info.plist; sourceTree = "<group>"; };
		CBF20FAE1F04BBC3006A1E4D /* DhyanaMandiraTests.xctest */ = {isa = PBXFileReference; explicitFileType = wrapper.cfbundle; includeInIndex = 0; path = DhyanaMandiraTests.xctest; sourceTree = BUILT_PRODUCTS_DIR; };
		CBF20FB21F04BBC3006A1E4D /* DhyanaMandiraTests.swift */ = {isa = PBXFileReference; lastKnownFileType = sourcecode.swift; path = DhyanaMandiraTests.swift; sourceTree = "<group>"; };
		CBF20FB41F04BBC3006A1E4D /* Info.plist */ = {isa = PBXFileReference; lastKnownFileType = text.plist.xml; path = Info.plist; sourceTree = "<group>"; };
		CBF20FB91F04BBC3006A1E4D /* DhyanaMandiraUITests.xctest */ = {isa = PBXFileReference; explicitFileType = wrapper.cfbundle; includeInIndex = 0; path = DhyanaMandiraUITests.xctest; sourceTree = BUILT_PRODUCTS_DIR; };
		CBF20FBD1F04BBC3006A1E4D /* DhyanaMandiraUITests.swift */ = {isa = PBXFileReference; lastKnownFileType = sourcecode.swift; path = DhyanaMandiraUITests.swift; sourceTree = "<group>"; };
		CBF20FBF1F04BBC3006A1E4D /* Info.plist */ = {isa = PBXFileReference; lastKnownFileType = text.plist.xml; path = Info.plist; sourceTree = "<group>"; };
		CBF20FD11F05193B006A1E4D /* LeftSideNavViewController.swift */ = {isa = PBXFileReference; fileEncoding = 4; lastKnownFileType = sourcecode.swift; path = LeftSideNavViewController.swift; sourceTree = "<group>"; };
		CBF20FD41F051AC9006A1E4D /* MMDrawerBarButtonItem.h */ = {isa = PBXFileReference; fileEncoding = 4; lastKnownFileType = sourcecode.c.h; path = MMDrawerBarButtonItem.h; sourceTree = "<group>"; };
		CBF20FD51F051AC9006A1E4D /* MMDrawerBarButtonItem.m */ = {isa = PBXFileReference; fileEncoding = 4; lastKnownFileType = sourcecode.c.objc; path = MMDrawerBarButtonItem.m; sourceTree = "<group>"; };
		CBF20FD61F051AC9006A1E4D /* MMDrawerController.h */ = {isa = PBXFileReference; fileEncoding = 4; lastKnownFileType = sourcecode.c.h; path = MMDrawerController.h; sourceTree = "<group>"; };
		CBF20FD71F051AC9006A1E4D /* MMDrawerController.m */ = {isa = PBXFileReference; fileEncoding = 4; lastKnownFileType = sourcecode.c.objc; path = MMDrawerController.m; sourceTree = "<group>"; };
		CBF20FD81F051AC9006A1E4D /* MMDrawerController+Subclass.h */ = {isa = PBXFileReference; fileEncoding = 4; lastKnownFileType = sourcecode.c.h; path = "MMDrawerController+Subclass.h"; sourceTree = "<group>"; };
		CBF20FD91F051AC9006A1E4D /* MMDrawerVisualState.h */ = {isa = PBXFileReference; fileEncoding = 4; lastKnownFileType = sourcecode.c.h; path = MMDrawerVisualState.h; sourceTree = "<group>"; };
		CBF20FDA1F051AC9006A1E4D /* MMDrawerVisualState.m */ = {isa = PBXFileReference; fileEncoding = 4; lastKnownFileType = sourcecode.c.objc; path = MMDrawerVisualState.m; sourceTree = "<group>"; };
		CBF20FDB1F051AC9006A1E4D /* UIViewController+MMDrawerController.h */ = {isa = PBXFileReference; fileEncoding = 4; lastKnownFileType = sourcecode.c.h; path = "UIViewController+MMDrawerController.h"; sourceTree = "<group>"; };
		CBF20FDC1F051AC9006A1E4D /* UIViewController+MMDrawerController.m */ = {isa = PBXFileReference; fileEncoding = 4; lastKnownFileType = sourcecode.c.objc; path = "UIViewController+MMDrawerController.m"; sourceTree = "<group>"; };
		CBF20FE11F051C79006A1E4D /* DhyanaMandira-Bridging-Header.h */ = {isa = PBXFileReference; fileEncoding = 4; lastKnownFileType = sourcecode.c.h; path = "DhyanaMandira-Bridging-Header.h"; sourceTree = "<group>"; };
		CBF20FE31F05296D006A1E4D /* header_om.png */ = {isa = PBXFileReference; lastKnownFileType = image.png; path = header_om.png; sourceTree = "<group>"; };
		CBF20FE51F06156C006A1E4D /* NavigationDrawerMenuItemTableViewCell.swift */ = {isa = PBXFileReference; fileEncoding = 4; lastKnownFileType = sourcecode.swift; path = NavigationDrawerMenuItemTableViewCell.swift; sourceTree = "<group>"; };
		CBF20FE71F061E15006A1E4D /* dhyana_mandira_about.jpg */ = {isa = PBXFileReference; lastKnownFileType = image.jpeg; path = dhyana_mandira_about.jpg; sourceTree = "<group>"; };
		CBF20FE91F061E95006A1E4D /* ic_action_abhyasas.png */ = {isa = PBXFileReference; lastKnownFileType = image.png; path = ic_action_abhyasas.png; sourceTree = "<group>"; };
		CBF20FEA1F061E95006A1E4D /* ic_action_ashtanga_yoga.png */ = {isa = PBXFileReference; lastKnownFileType = image.png; path = ic_action_ashtanga_yoga.png; sourceTree = "<group>"; };
		CBF20FEB1F061E95006A1E4D /* ic_action_attach_money.png */ = {isa = PBXFileReference; lastKnownFileType = image.png; path = ic_action_attach_money.png; sourceTree = "<group>"; };
		CBF20FEC1F061E95006A1E4D /* ic_action_aum_mantra_symbol.png */ = {isa = PBXFileReference; lastKnownFileType = image.png; path = ic_action_aum_mantra_symbol.png; sourceTree = "<group>"; };
		CBF20FED1F061E95006A1E4D /* ic_action_call.png */ = {isa = PBXFileReference; lastKnownFileType = image.png; path = ic_action_call.png; sourceTree = "<group>"; };
		CBF20FEE1F061E95006A1E4D /* ic_action_collections.png */ = {isa = PBXFileReference; lastKnownFileType = image.png; path = ic_action_collections.png; sourceTree = "<group>"; };
		CBF20FEF1F061E95006A1E4D /* ic_action_contact_mail.png */ = {isa = PBXFileReference; lastKnownFileType = image.png; path = ic_action_contact_mail.png; sourceTree = "<group>"; };
		CBF20FF01F061E95006A1E4D /* ic_action_contact_phone.png */ = {isa = PBXFileReference; lastKnownFileType = image.png; path = ic_action_contact_phone.png; sourceTree = "<group>"; };
		CBF20FF11F061E95006A1E4D /* ic_action_dhyana.png */ = {isa = PBXFileReference; lastKnownFileType = image.png; path = ic_action_dhyana.png; sourceTree = "<group>"; };
		CBF20FF21F061E95006A1E4D /* ic_action_directions_walk.png */ = {isa = PBXFileReference; lastKnownFileType = image.png; path = ic_action_directions_walk.png; sourceTree = "<group>"; };
		CBF20FF31F061E95006A1E4D /* ic_action_event_note.png */ = {isa = PBXFileReference; lastKnownFileType = image.png; path = ic_action_event_note.png; sourceTree = "<group>"; };
		CBF20FF41F061E95006A1E4D /* ic_action_info_outline.png */ = {isa = PBXFileReference; lastKnownFileType = image.png; path = ic_action_info_outline.png; sourceTree = "<group>"; };
		CBF20FF51F061E95006A1E4D /* ic_action_insert_comment.png */ = {isa = PBXFileReference; lastKnownFileType = image.png; path = ic_action_insert_comment.png; sourceTree = "<group>"; };
		CBF20FF61F061E95006A1E4D /* ic_action_notifications.png */ = {isa = PBXFileReference; lastKnownFileType = image.png; path = ic_action_notifications.png; sourceTree = "<group>"; };
		CBF20FF71F061E95006A1E4D /* ic_action_ondemand_video.png */ = {isa = PBXFileReference; lastKnownFileType = image.png; path = ic_action_ondemand_video.png; sourceTree = "<group>"; };
		CBF20FF81F061E95006A1E4D /* ic_action_person_outline.png */ = {isa = PBXFileReference; lastKnownFileType = image.png; path = ic_action_person_outline.png; sourceTree = "<group>"; };
		CBF20FF91F061E95006A1E4D /* ic_action_share.png */ = {isa = PBXFileReference; lastKnownFileType = image.png; path = ic_action_share.png; sourceTree = "<group>"; };
		CBF20FFA1F061E95006A1E4D /* ic_action_thumb_up.png */ = {isa = PBXFileReference; lastKnownFileType = image.png; path = ic_action_thumb_up.png; sourceTree = "<group>"; };
		CBF20FFB1F061E95006A1E4D /* ic_stat_notif_icon_firebase_om.png */ = {isa = PBXFileReference; lastKnownFileType = image.png; path = ic_stat_notif_icon_firebase_om.png; sourceTree = "<group>"; };
		CBF20FFC1F061E95006A1E4D /* sir.9.png */ = {isa = PBXFileReference; lastKnownFileType = image.png; path = sir.9.png; sourceTree = "<group>"; };
		CBF210141F0A06BA006A1E4D /* RegistrationViewController.swift */ = {isa = PBXFileReference; fileEncoding = 4; lastKnownFileType = sourcecode.swift; path = RegistrationViewController.swift; sourceTree = "<group>"; };
		CBF210161F0A4C26006A1E4D /* AshtangaViewController.swift */ = {isa = PBXFileReference; fileEncoding = 4; lastKnownFileType = sourcecode.swift; path = AshtangaViewController.swift; sourceTree = "<group>"; };
		CBF210181F0A4DF7006A1E4D /* DhyanaMandiraViewController.swift */ = {isa = PBXFileReference; fileEncoding = 4; lastKnownFileType = sourcecode.swift; path = DhyanaMandiraViewController.swift; sourceTree = "<group>"; };
		CBF2101A1F0A522E006A1E4D /* FounderViewController.swift */ = {isa = PBXFileReference; fileEncoding = 4; lastKnownFileType = sourcecode.swift; path = FounderViewController.swift; sourceTree = "<group>"; };
		CBF210211F0CF5F1006A1E4D /* image_1.jpg */ = {isa = PBXFileReference; lastKnownFileType = image.jpeg; path = image_1.jpg; sourceTree = "<group>"; };
		CBF210221F0CF5F1006A1E4D /* image_2.jpg */ = {isa = PBXFileReference; lastKnownFileType = image.jpeg; path = image_2.jpg; sourceTree = "<group>"; };
		CBF210231F0CF5F1006A1E4D /* image_3.jpg */ = {isa = PBXFileReference; lastKnownFileType = image.jpeg; path = image_3.jpg; sourceTree = "<group>"; };
		CBF210241F0CF5F1006A1E4D /* image_4.jpg */ = {isa = PBXFileReference; lastKnownFileType = image.jpeg; path = image_4.jpg; sourceTree = "<group>"; };
		CBF210251F0CF5F1006A1E4D /* image_5.jpg */ = {isa = PBXFileReference; lastKnownFileType = image.jpeg; path = image_5.jpg; sourceTree = "<group>"; };
		CBF210261F0CF5F1006A1E4D /* image_6.jpg */ = {isa = PBXFileReference; lastKnownFileType = image.jpeg; path = image_6.jpg; sourceTree = "<group>"; };
		CBF210271F0CF5F1006A1E4D /* image_7.jpg */ = {isa = PBXFileReference; lastKnownFileType = image.jpeg; path = image_7.jpg; sourceTree = "<group>"; };
		CBF210281F0CF5F1006A1E4D /* image_8.jpg */ = {isa = PBXFileReference; lastKnownFileType = image.jpeg; path = image_8.jpg; sourceTree = "<group>"; };
		CBF210291F0CF5F1006A1E4D /* image_9.jpg */ = {isa = PBXFileReference; lastKnownFileType = image.jpeg; path = image_9.jpg; sourceTree = "<group>"; };
		CBF2102A1F0CF5F1006A1E4D /* image_10.jpg */ = {isa = PBXFileReference; lastKnownFileType = image.jpeg; path = image_10.jpg; sourceTree = "<group>"; };
		CBF2102B1F0CF5F1006A1E4D /* image_11.jpg */ = {isa = PBXFileReference; lastKnownFileType = image.jpeg; path = image_11.jpg; sourceTree = "<group>"; };
		CBF2102C1F0CF5F1006A1E4D /* image_12.jpg */ = {isa = PBXFileReference; lastKnownFileType = image.jpeg; path = image_12.jpg; sourceTree = "<group>"; };
		CBF2102D1F0CF5F1006A1E4D /* image_13.jpg */ = {isa = PBXFileReference; lastKnownFileType = image.jpeg; path = image_13.jpg; sourceTree = "<group>"; };
		CBF2102E1F0CF5F1006A1E4D /* image_14.jpg */ = {isa = PBXFileReference; lastKnownFileType = image.jpeg; path = image_14.jpg; sourceTree = "<group>"; };
		CBF2102F1F0CF5F1006A1E4D /* image_15.jpg */ = {isa = PBXFileReference; lastKnownFileType = image.jpeg; path = image_15.jpg; sourceTree = "<group>"; };
		CBF210301F0CF5F1006A1E4D /* image_16.jpg */ = {isa = PBXFileReference; lastKnownFileType = image.jpeg; path = image_16.jpg; sourceTree = "<group>"; };
		CBF210311F0CF5F1006A1E4D /* image_17.jpg */ = {isa = PBXFileReference; lastKnownFileType = image.jpeg; path = image_17.jpg; sourceTree = "<group>"; };
		CBF210321F0CF5F1006A1E4D /* image_18.jpg */ = {isa = PBXFileReference; lastKnownFileType = image.jpeg; path = image_18.jpg; sourceTree = "<group>"; };
		CBF210331F0CF5F1006A1E4D /* image_19.jpg */ = {isa = PBXFileReference; lastKnownFileType = image.jpeg; path = image_19.jpg; sourceTree = "<group>"; };
		CBF210341F0CF5F1006A1E4D /* image_20.jpg */ = {isa = PBXFileReference; lastKnownFileType = image.jpeg; path = image_20.jpg; sourceTree = "<group>"; };
		CBF210351F0CF5F1006A1E4D /* image_21.jpg */ = {isa = PBXFileReference; lastKnownFileType = image.jpeg; path = image_21.jpg; sourceTree = "<group>"; };
		CBF210361F0CF5F1006A1E4D /* image_22.jpg */ = {isa = PBXFileReference; lastKnownFileType = image.jpeg; path = image_22.jpg; sourceTree = "<group>"; };
		CBF210371F0CF5F1006A1E4D /* image_23.jpg */ = {isa = PBXFileReference; lastKnownFileType = image.jpeg; path = image_23.jpg; sourceTree = "<group>"; };
		CBF210381F0CF5F1006A1E4D /* image_24.jpg */ = {isa = PBXFileReference; lastKnownFileType = image.jpeg; path = image_24.jpg; sourceTree = "<group>"; };
		CBF210391F0CF5F1006A1E4D /* image_25.jpg */ = {isa = PBXFileReference; lastKnownFileType = image.jpeg; path = image_25.jpg; sourceTree = "<group>"; };
		CBF2103A1F0CF5F1006A1E4D /* image_26.jpg */ = {isa = PBXFileReference; lastKnownFileType = image.jpeg; path = image_26.jpg; sourceTree = "<group>"; };
		CBF2103B1F0CF5F1006A1E4D /* image_27.jpg */ = {isa = PBXFileReference; lastKnownFileType = image.jpeg; path = image_27.jpg; sourceTree = "<group>"; };
		CBF2103C1F0CF5F1006A1E4D /* image_28.jpg */ = {isa = PBXFileReference; lastKnownFileType = image.jpeg; path = image_28.jpg; sourceTree = "<group>"; };
		CBF2103D1F0CF5F1006A1E4D /* image_29.jpg */ = {isa = PBXFileReference; lastKnownFileType = image.jpeg; path = image_29.jpg; sourceTree = "<group>"; };
		CBF2103E1F0CF5F1006A1E4D /* image_30.jpg */ = {isa = PBXFileReference; lastKnownFileType = image.jpeg; path = image_30.jpg; sourceTree = "<group>"; };
		CBF2103F1F0CF5F1006A1E4D /* image_31.jpg */ = {isa = PBXFileReference; lastKnownFileType = image.jpeg; path = image_31.jpg; sourceTree = "<group>"; };
		CBF210401F0CF5F1006A1E4D /* image_32.jpg */ = {isa = PBXFileReference; lastKnownFileType = image.jpeg; path = image_32.jpg; sourceTree = "<group>"; };
		CBF210411F0CF5F1006A1E4D /* image_33.jpg */ = {isa = PBXFileReference; lastKnownFileType = image.jpeg; path = image_33.jpg; sourceTree = "<group>"; };
		CBF210421F0CF5F1006A1E4D /* image_34.jpg */ = {isa = PBXFileReference; lastKnownFileType = image.jpeg; path = image_34.jpg; sourceTree = "<group>"; };
		CBF210431F0CF5F1006A1E4D /* image_35.jpg */ = {isa = PBXFileReference; lastKnownFileType = image.jpeg; path = image_35.jpg; sourceTree = "<group>"; };
		CBF210441F0CF5F1006A1E4D /* image_36.jpg */ = {isa = PBXFileReference; lastKnownFileType = image.jpeg; path = image_36.jpg; sourceTree = "<group>"; };
		CBF210451F0CF5F1006A1E4D /* image_37.jpg */ = {isa = PBXFileReference; lastKnownFileType = image.jpeg; path = image_37.jpg; sourceTree = "<group>"; };
		CBF210461F0CF5F1006A1E4D /* image_38.jpg */ = {isa = PBXFileReference; lastKnownFileType = image.jpeg; path = image_38.jpg; sourceTree = "<group>"; };
		CBF210471F0CF5F1006A1E4D /* image_39.jpg */ = {isa = PBXFileReference; lastKnownFileType = image.jpeg; path = image_39.jpg; sourceTree = "<group>"; };
		CBF210481F0CF5F1006A1E4D /* image_40.jpg */ = {isa = PBXFileReference; lastKnownFileType = image.jpeg; path = image_40.jpg; sourceTree = "<group>"; };
		CBF210491F0CF5F1006A1E4D /* image_41.jpg */ = {isa = PBXFileReference; lastKnownFileType = image.jpeg; path = image_41.jpg; sourceTree = "<group>"; };
		CBF2104A1F0CF5F1006A1E4D /* image_42.jpg */ = {isa = PBXFileReference; lastKnownFileType = image.jpeg; path = image_42.jpg; sourceTree = "<group>"; };
		CBF210751F0CF6CA006A1E4D /* GalleryViewController.swift */ = {isa = PBXFileReference; fileEncoding = 4; lastKnownFileType = sourcecode.swift; path = GalleryViewController.swift; sourceTree = "<group>"; };
		CBF210771F0CF91E006A1E4D /* GalleryCollectionViewCell.swift */ = {isa = PBXFileReference; fileEncoding = 4; lastKnownFileType = sourcecode.swift; path = GalleryCollectionViewCell.swift; sourceTree = "<group>"; };
		CBF210791F0D11A5006A1E4D /* VisitViewController.swift */ = {isa = PBXFileReference; fileEncoding = 4; lastKnownFileType = sourcecode.swift; path = VisitViewController.swift; sourceTree = "<group>"; };
		CBF2107B1F0E48E9006A1E4D /* CallViewController.swift */ = {isa = PBXFileReference; fileEncoding = 4; lastKnownFileType = sourcecode.swift; path = CallViewController.swift; sourceTree = "<group>"; };
		CBF210851F0E6250006A1E4D /* EventsViewController.swift */ = {isa = PBXFileReference; fileEncoding = 4; lastKnownFileType = sourcecode.swift; path = EventsViewController.swift; sourceTree = "<group>"; };
		CBF210871F0E6272006A1E4D /* CommentsViewController.swift */ = {isa = PBXFileReference; fileEncoding = 4; lastKnownFileType = sourcecode.swift; path = CommentsViewController.swift; sourceTree = "<group>"; };
		CBF210891F0E6289006A1E4D /* AbhyasaViewController.swift */ = {isa = PBXFileReference; fileEncoding = 4; lastKnownFileType = sourcecode.swift; path = AbhyasaViewController.swift; sourceTree = "<group>"; };
		CBF2108B1F0E629F006A1E4D /* MantrasViewController.swift */ = {isa = PBXFileReference; fileEncoding = 4; lastKnownFileType = sourcecode.swift; path = MantrasViewController.swift; sourceTree = "<group>"; };
		CBF2108D1F0E65AB006A1E4D /* FacebookViewController.swift */ = {isa = PBXFileReference; fileEncoding = 4; lastKnownFileType = sourcecode.swift; path = FacebookViewController.swift; sourceTree = "<group>"; };
		FE2605940C96C93F50AC9017 /* Pods-DhyanaMandiraUITests.release.xcconfig */ = {isa = PBXFileReference; includeInIndex = 1; lastKnownFileType = text.xcconfig; name = "Pods-DhyanaMandiraUITests.release.xcconfig"; path = "Pods/Target Support Files/Pods-DhyanaMandiraUITests/Pods-DhyanaMandiraUITests.release.xcconfig"; sourceTree = "<group>"; };
/* End PBXFileReference section */

/* Begin PBXFrameworksBuildPhase section */
		CBF20F971F04BBC2006A1E4D /* Frameworks */ = {
			isa = PBXFrameworksBuildPhase;
			buildActionMask = 2147483647;
			files = (
				643AF723BDA75A2160E662CE /* Pods_DhyanaMandira.framework in Frameworks */,
			);
			runOnlyForDeploymentPostprocessing = 0;
		};
		CBF20FAB1F04BBC3006A1E4D /* Frameworks */ = {
			isa = PBXFrameworksBuildPhase;
			buildActionMask = 2147483647;
			files = (
				1BAF780F2E5A529E54DEB0A2 /* Pods_DhyanaMandiraTests.framework in Frameworks */,
			);
			runOnlyForDeploymentPostprocessing = 0;
		};
		CBF20FB61F04BBC3006A1E4D /* Frameworks */ = {
			isa = PBXFrameworksBuildPhase;
			buildActionMask = 2147483647;
			files = (
				B780CDBB182613AD0FF952CD /* Pods_DhyanaMandiraUITests.framework in Frameworks */,
			);
			runOnlyForDeploymentPostprocessing = 0;
		};
/* End PBXFrameworksBuildPhase section */

/* Begin PBXGroup section */
		CBF20F911F04BBC2006A1E4D = {
			isa = PBXGroup;
			children = (
				CBF20F9C1F04BBC2006A1E4D /* DhyanaMandira */,
				CBF20FB11F04BBC3006A1E4D /* DhyanaMandiraTests */,
				CBF20FBC1F04BBC3006A1E4D /* DhyanaMandiraUITests */,
				CBF20F9B1F04BBC2006A1E4D /* Products */,
				F0688701D8FFA4B8CE93FC2D /* Pods */,
				EAB415A0F16D46309BB4CB88 /* Frameworks */,
			);
			sourceTree = "<group>";
		};
		CBF20F9B1F04BBC2006A1E4D /* Products */ = {
			isa = PBXGroup;
			children = (
				CBF20F9A1F04BBC2006A1E4D /* DhyanaMandira.app */,
				CBF20FAE1F04BBC3006A1E4D /* DhyanaMandiraTests.xctest */,
				CBF20FB91F04BBC3006A1E4D /* DhyanaMandiraUITests.xctest */,
			);
			name = Products;
			sourceTree = "<group>";
		};
		CBF20F9C1F04BBC2006A1E4D /* DhyanaMandira */ = {
			isa = PBXGroup;
			children = (
				CBF210201F0CF5C9006A1E4D /* GalleryImages */,
				CBF210111F0A001A006A1E4D /* MenuViewControllers */,
				CBF20FE21F052943006A1E4D /* images */,
				CBF20FD31F051A64006A1E4D /* MySideMenu */,
				CBF20F9D1F04BBC2006A1E4D /* AppDelegate.swift */,
				CBF20F9F1F04BBC2006A1E4D /* ViewController.swift */,
				CBF20FA11F04BBC2006A1E4D /* Main.storyboard */,
				CBF20FA41F04BBC2006A1E4D /* Assets.xcassets */,
				CBF20FA61F04BBC2006A1E4D /* LaunchScreen.storyboard */,
				CBF20FA91F04BBC2006A1E4D /* Info.plist */,
				CBF20FD11F05193B006A1E4D /* LeftSideNavViewController.swift */,
				CBF20FE11F051C79006A1E4D /* DhyanaMandira-Bridging-Header.h */,
				CBF20FE51F06156C006A1E4D /* NavigationDrawerMenuItemTableViewCell.swift */,
			);
			path = DhyanaMandira;
			sourceTree = "<group>";
		};
		CBF20FB11F04BBC3006A1E4D /* DhyanaMandiraTests */ = {
			isa = PBXGroup;
			children = (
				CBF20FB21F04BBC3006A1E4D /* DhyanaMandiraTests.swift */,
				CBF20FB41F04BBC3006A1E4D /* Info.plist */,
			);
			path = DhyanaMandiraTests;
			sourceTree = "<group>";
		};
		CBF20FBC1F04BBC3006A1E4D /* DhyanaMandiraUITests */ = {
			isa = PBXGroup;
			children = (
				CBF20FBD1F04BBC3006A1E4D /* DhyanaMandiraUITests.swift */,
				CBF20FBF1F04BBC3006A1E4D /* Info.plist */,
			);
			path = DhyanaMandiraUITests;
			sourceTree = "<group>";
		};
		CBF20FD31F051A64006A1E4D /* MySideMenu */ = {
			isa = PBXGroup;
			children = (
				CBF20FD41F051AC9006A1E4D /* MMDrawerBarButtonItem.h */,
				CBF20FD51F051AC9006A1E4D /* MMDrawerBarButtonItem.m */,
				CBF20FD61F051AC9006A1E4D /* MMDrawerController.h */,
				CBF20FD71F051AC9006A1E4D /* MMDrawerController.m */,
				CBF20FD81F051AC9006A1E4D /* MMDrawerController+Subclass.h */,
				CBF20FD91F051AC9006A1E4D /* MMDrawerVisualState.h */,
				CBF20FDA1F051AC9006A1E4D /* MMDrawerVisualState.m */,
				CBF20FDB1F051AC9006A1E4D /* UIViewController+MMDrawerController.h */,
				CBF20FDC1F051AC9006A1E4D /* UIViewController+MMDrawerController.m */,
			);
			name = MySideMenu;
			sourceTree = "<group>";
		};
		CBF20FE21F052943006A1E4D /* images */ = {
			isa = PBXGroup;
			children = (
				CBF20FE91F061E95006A1E4D /* ic_action_abhyasas.png */,
				CBF20FEA1F061E95006A1E4D /* ic_action_ashtanga_yoga.png */,
				CBF20FEB1F061E95006A1E4D /* ic_action_attach_money.png */,
				CBF20FEC1F061E95006A1E4D /* ic_action_aum_mantra_symbol.png */,
				CBF20FED1F061E95006A1E4D /* ic_action_call.png */,
				CBF20FEE1F061E95006A1E4D /* ic_action_collections.png */,
				CBF20FEF1F061E95006A1E4D /* ic_action_contact_mail.png */,
				CBF20FF01F061E95006A1E4D /* ic_action_contact_phone.png */,
				CBF20FF11F061E95006A1E4D /* ic_action_dhyana.png */,
				CBF20FF21F061E95006A1E4D /* ic_action_directions_walk.png */,
				CBF20FF31F061E95006A1E4D /* ic_action_event_note.png */,
				CBF20FF41F061E95006A1E4D /* ic_action_info_outline.png */,
				CBF20FF51F061E95006A1E4D /* ic_action_insert_comment.png */,
				CBF20FF61F061E95006A1E4D /* ic_action_notifications.png */,
				CBF20FF71F061E95006A1E4D /* ic_action_ondemand_video.png */,
				CBF20FF81F061E95006A1E4D /* ic_action_person_outline.png */,
				CBF20FF91F061E95006A1E4D /* ic_action_share.png */,
				CBF20FFA1F061E95006A1E4D /* ic_action_thumb_up.png */,
				CBF20FFB1F061E95006A1E4D /* ic_stat_notif_icon_firebase_om.png */,
				CBF20FFC1F061E95006A1E4D /* sir.9.png */,
				CBF20FE71F061E15006A1E4D /* dhyana_mandira_about.jpg */,
				CBF20FE31F05296D006A1E4D /* header_om.png */,
			);
			name = images;
			sourceTree = "<group>";
		};
		CBF210111F0A001A006A1E4D /* MenuViewControllers */ = {
			isa = PBXGroup;
			children = (
				CBF210141F0A06BA006A1E4D /* RegistrationViewController.swift */,
				CBF210161F0A4C26006A1E4D /* AshtangaViewController.swift */,
				CBF210181F0A4DF7006A1E4D /* DhyanaMandiraViewController.swift */,
				CBF2101A1F0A522E006A1E4D /* FounderViewController.swift */,
				CBF210751F0CF6CA006A1E4D /* GalleryViewController.swift */,
				CBF210771F0CF91E006A1E4D /* GalleryCollectionViewCell.swift */,
				CBF210791F0D11A5006A1E4D /* VisitViewController.swift */,
				CBF2107B1F0E48E9006A1E4D /* CallViewController.swift */,
				CBF210851F0E6250006A1E4D /* EventsViewController.swift */,
				CBF210871F0E6272006A1E4D /* CommentsViewController.swift */,
				CBF210891F0E6289006A1E4D /* AbhyasaViewController.swift */,
				CBF2108B1F0E629F006A1E4D /* MantrasViewController.swift */,
				CBF2108D1F0E65AB006A1E4D /* FacebookViewController.swift */,
			);
			name = MenuViewControllers;
			sourceTree = "<group>";
		};
		CBF210201F0CF5C9006A1E4D /* GalleryImages */ = {
			isa = PBXGroup;
			children = (
				CBF210211F0CF5F1006A1E4D /* image_1.jpg */,
				CBF210221F0CF5F1006A1E4D /* image_2.jpg */,
				CBF210231F0CF5F1006A1E4D /* image_3.jpg */,
				CBF210241F0CF5F1006A1E4D /* image_4.jpg */,
				CBF210251F0CF5F1006A1E4D /* image_5.jpg */,
				CBF210261F0CF5F1006A1E4D /* image_6.jpg */,
				CBF210271F0CF5F1006A1E4D /* image_7.jpg */,
				CBF210281F0CF5F1006A1E4D /* image_8.jpg */,
				CBF210291F0CF5F1006A1E4D /* image_9.jpg */,
				CBF2102A1F0CF5F1006A1E4D /* image_10.jpg */,
				CBF2102B1F0CF5F1006A1E4D /* image_11.jpg */,
				CBF2102C1F0CF5F1006A1E4D /* image_12.jpg */,
				CBF2102D1F0CF5F1006A1E4D /* image_13.jpg */,
				CBF2102E1F0CF5F1006A1E4D /* image_14.jpg */,
				CBF2102F1F0CF5F1006A1E4D /* image_15.jpg */,
				CBF210301F0CF5F1006A1E4D /* image_16.jpg */,
				CBF210311F0CF5F1006A1E4D /* image_17.jpg */,
				CBF210321F0CF5F1006A1E4D /* image_18.jpg */,
				CBF210331F0CF5F1006A1E4D /* image_19.jpg */,
				CBF210341F0CF5F1006A1E4D /* image_20.jpg */,
				CBF210351F0CF5F1006A1E4D /* image_21.jpg */,
				CBF210361F0CF5F1006A1E4D /* image_22.jpg */,
				CBF210371F0CF5F1006A1E4D /* image_23.jpg */,
				CBF210381F0CF5F1006A1E4D /* image_24.jpg */,
				CBF210391F0CF5F1006A1E4D /* image_25.jpg */,
				CBF2103A1F0CF5F1006A1E4D /* image_26.jpg */,
				CBF2103B1F0CF5F1006A1E4D /* image_27.jpg */,
				CBF2103C1F0CF5F1006A1E4D /* image_28.jpg */,
				CBF2103D1F0CF5F1006A1E4D /* image_29.jpg */,
				CBF2103E1F0CF5F1006A1E4D /* image_30.jpg */,
				CBF2103F1F0CF5F1006A1E4D /* image_31.jpg */,
				CBF210401F0CF5F1006A1E4D /* image_32.jpg */,
				CBF210411F0CF5F1006A1E4D /* image_33.jpg */,
				CBF210421F0CF5F1006A1E4D /* image_34.jpg */,
				CBF210431F0CF5F1006A1E4D /* image_35.jpg */,
				CBF210441F0CF5F1006A1E4D /* image_36.jpg */,
				CBF210451F0CF5F1006A1E4D /* image_37.jpg */,
				CBF210461F0CF5F1006A1E4D /* image_38.jpg */,
				CBF210471F0CF5F1006A1E4D /* image_39.jpg */,
				CBF210481F0CF5F1006A1E4D /* image_40.jpg */,
				CBF210491F0CF5F1006A1E4D /* image_41.jpg */,
				CBF2104A1F0CF5F1006A1E4D /* image_42.jpg */,
			);
			name = GalleryImages;
			sourceTree = "<group>";
		};
		EAB415A0F16D46309BB4CB88 /* Frameworks */ = {
			isa = PBXGroup;
			children = (
				0A18E866B817193E3FB73EFF /* Pods_DhyanaMandira.framework */,
				B018C040A9EAA244ED866877 /* Pods_DhyanaMandiraTests.framework */,
				3B81C3226A3932520F23FA91 /* Pods_DhyanaMandiraUITests.framework */,
			);
			name = Frameworks;
			sourceTree = "<group>";
		};
		F0688701D8FFA4B8CE93FC2D /* Pods */ = {
			isa = PBXGroup;
			children = (
				8DFE5B9A4738726BE861E201 /* Pods-DhyanaMandira.debug.xcconfig */,
				CB9B7578E4E9A221CC964689 /* Pods-DhyanaMandira.release.xcconfig */,
				31C1A549EBAD4DE6E1B5C02B /* Pods-DhyanaMandiraTests.debug.xcconfig */,
				785E0C3A4641A32125E243B4 /* Pods-DhyanaMandiraTests.release.xcconfig */,
				6453E7CD1CBACCFB3F79D755 /* Pods-DhyanaMandiraUITests.debug.xcconfig */,
				FE2605940C96C93F50AC9017 /* Pods-DhyanaMandiraUITests.release.xcconfig */,
			);
			name = Pods;
			sourceTree = "<group>";
		};
/* End PBXGroup section */

/* Begin PBXNativeTarget section */
		CBF20F991F04BBC2006A1E4D /* DhyanaMandira */ = {
			isa = PBXNativeTarget;
			buildConfigurationList = CBF20FC21F04BBC3006A1E4D /* Build configuration list for PBXNativeTarget "DhyanaMandira" */;
			buildPhases = (
				4A77B60C7D0241EA9A7861A5 /* [CP] Check Pods Manifest.lock */,
				CBF20F961F04BBC2006A1E4D /* Sources */,
				CBF20F971F04BBC2006A1E4D /* Frameworks */,
				CBF20F981F04BBC2006A1E4D /* Resources */,
				DA335D7BD4629EA2A3387EF2 /* [CP] Embed Pods Frameworks */,
				4FCF663BB2DCB259E8C9FCC8 /* [CP] Copy Pods Resources */,
			);
			buildRules = (
			);
			dependencies = (
			);
			name = DhyanaMandira;
			productName = DhyanaMandira;
			productReference = CBF20F9A1F04BBC2006A1E4D /* DhyanaMandira.app */;
			productType = "com.apple.product-type.application";
		};
		CBF20FAD1F04BBC3006A1E4D /* DhyanaMandiraTests */ = {
			isa = PBXNativeTarget;
			buildConfigurationList = CBF20FC51F04BBC3006A1E4D /* Build configuration list for PBXNativeTarget "DhyanaMandiraTests" */;
			buildPhases = (
				4C63C809BE85FEB485B347BF /* [CP] Check Pods Manifest.lock */,
				CBF20FAA1F04BBC3006A1E4D /* Sources */,
				CBF20FAB1F04BBC3006A1E4D /* Frameworks */,
				CBF20FAC1F04BBC3006A1E4D /* Resources */,
				837093A433845E9F95C3B825 /* [CP] Embed Pods Frameworks */,
				BB8B6C8DC83E24E7ECB05382 /* [CP] Copy Pods Resources */,
			);
			buildRules = (
			);
			dependencies = (
				CBF20FB01F04BBC3006A1E4D /* PBXTargetDependency */,
			);
			name = DhyanaMandiraTests;
			productName = DhyanaMandiraTests;
			productReference = CBF20FAE1F04BBC3006A1E4D /* DhyanaMandiraTests.xctest */;
			productType = "com.apple.product-type.bundle.unit-test";
		};
		CBF20FB81F04BBC3006A1E4D /* DhyanaMandiraUITests */ = {
			isa = PBXNativeTarget;
			buildConfigurationList = CBF20FC81F04BBC3006A1E4D /* Build configuration list for PBXNativeTarget "DhyanaMandiraUITests" */;
			buildPhases = (
				AFD22D5C71597CF6B00688EF /* [CP] Check Pods Manifest.lock */,
				CBF20FB51F04BBC3006A1E4D /* Sources */,
				CBF20FB61F04BBC3006A1E4D /* Frameworks */,
				CBF20FB71F04BBC3006A1E4D /* Resources */,
				F16B392835C891115A67CDF8 /* [CP] Embed Pods Frameworks */,
				82921151AB386E2B827F833C /* [CP] Copy Pods Resources */,
			);
			buildRules = (
			);
			dependencies = (
				CBF20FBB1F04BBC3006A1E4D /* PBXTargetDependency */,
			);
			name = DhyanaMandiraUITests;
			productName = DhyanaMandiraUITests;
			productReference = CBF20FB91F04BBC3006A1E4D /* DhyanaMandiraUITests.xctest */;
			productType = "com.apple.product-type.bundle.ui-testing";
		};
/* End PBXNativeTarget section */

/* Begin PBXProject section */
		CBF20F921F04BBC2006A1E4D /* Project object */ = {
			isa = PBXProject;
			attributes = {
				LastSwiftUpdateCheck = 0830;
				LastUpgradeCheck = 0830;
				ORGANIZATIONNAME = AjithaYasmin;
				TargetAttributes = {
					CBF20F991F04BBC2006A1E4D = {
						CreatedOnToolsVersion = 8.3.2;
						DevelopmentTeam = HY9VKUPG9A;
						LastSwiftMigration = 0830;
						ProvisioningStyle = Automatic;
					};
					CBF20FAD1F04BBC3006A1E4D = {
						CreatedOnToolsVersion = 8.3.2;
						DevelopmentTeam = HY9VKUPG9A;
						ProvisioningStyle = Automatic;
						TestTargetID = CBF20F991F04BBC2006A1E4D;
					};
					CBF20FB81F04BBC3006A1E4D = {
						CreatedOnToolsVersion = 8.3.2;
						DevelopmentTeam = HY9VKUPG9A;
						ProvisioningStyle = Automatic;
						TestTargetID = CBF20F991F04BBC2006A1E4D;
					};
				};
			};
			buildConfigurationList = CBF20F951F04BBC2006A1E4D /* Build configuration list for PBXProject "DhyanaMandira" */;
			compatibilityVersion = "Xcode 3.2";
			developmentRegion = English;
			hasScannedForEncodings = 0;
			knownRegions = (
				en,
				Base,
			);
			mainGroup = CBF20F911F04BBC2006A1E4D;
			productRefGroup = CBF20F9B1F04BBC2006A1E4D /* Products */;
			projectDirPath = "";
			projectRoot = "";
			targets = (
				CBF20F991F04BBC2006A1E4D /* DhyanaMandira */,
				CBF20FAD1F04BBC3006A1E4D /* DhyanaMandiraTests */,
				CBF20FB81F04BBC3006A1E4D /* DhyanaMandiraUITests */,
			);
		};
/* End PBXProject section */

/* Begin PBXResourcesBuildPhase section */
		CBF20F981F04BBC2006A1E4D /* Resources */ = {
			isa = PBXResourcesBuildPhase;
			buildActionMask = 2147483647;
			files = (
				CBF20FE81F061E15006A1E4D /* dhyana_mandira_about.jpg in Resources */,
				CBF20FFF1F061E95006A1E4D /* ic_action_attach_money.png in Resources */,
				CBF20FE41F05296D006A1E4D /* header_om.png in Resources */,
				CBF210041F061E95006A1E4D /* ic_action_contact_phone.png in Resources */,
				CBF210631F0CF5F1006A1E4D /* image_25.jpg in Resources */,
				CBF2105E1F0CF5F1006A1E4D /* image_20.jpg in Resources */,
				CBF210651F0CF5F1006A1E4D /* image_27.jpg in Resources */,
				CBF210061F061E95006A1E4D /* ic_action_directions_walk.png in Resources */,
				CBF20FA81F04BBC2006A1E4D /* LaunchScreen.storyboard in Resources */,
				CBF210621F0CF5F1006A1E4D /* image_24.jpg in Resources */,
				CBF2100F1F061E95006A1E4D /* ic_stat_notif_icon_firebase_om.png in Resources */,
				CBF210021F061E95006A1E4D /* ic_action_collections.png in Resources */,
				CBF20FFD1F061E95006A1E4D /* ic_action_abhyasas.png in Resources */,
				CBF210531F0CF5F1006A1E4D /* image_9.jpg in Resources */,
				CBF2106C1F0CF5F1006A1E4D /* image_34.jpg in Resources */,
				CBF2104E1F0CF5F1006A1E4D /* image_4.jpg in Resources */,
				CBF210091F061E95006A1E4D /* ic_action_insert_comment.png in Resources */,
				CBF2104F1F0CF5F1006A1E4D /* image_5.jpg in Resources */,
				CBF210691F0CF5F1006A1E4D /* image_31.jpg in Resources */,
				CBF210721F0CF5F1006A1E4D /* image_40.jpg in Resources */,
				CBF210101F061E95006A1E4D /* sir.9.png in Resources */,
				CBF20FA51F04BBC2006A1E4D /* Assets.xcassets in Resources */,
				CBF2105C1F0CF5F1006A1E4D /* image_18.jpg in Resources */,
				CBF2100A1F061E95006A1E4D /* ic_action_notifications.png in Resources */,
				CBF210561F0CF5F1006A1E4D /* image_12.jpg in Resources */,
				CBF2106B1F0CF5F1006A1E4D /* image_33.jpg in Resources */,
				CBF210031F061E95006A1E4D /* ic_action_contact_mail.png in Resources */,
				CBF210071F061E95006A1E4D /* ic_action_event_note.png in Resources */,
				CBF2104D1F0CF5F1006A1E4D /* image_3.jpg in Resources */,
				CBF20FFE1F061E95006A1E4D /* ic_action_ashtanga_yoga.png in Resources */,
				CBF210511F0CF5F1006A1E4D /* image_7.jpg in Resources */,
				CBF210081F061E95006A1E4D /* ic_action_info_outline.png in Resources */,
				CBF210701F0CF5F1006A1E4D /* image_38.jpg in Resources */,
				CBF210541F0CF5F1006A1E4D /* image_10.jpg in Resources */,
				CBF210661F0CF5F1006A1E4D /* image_28.jpg in Resources */,
				CBF2104B1F0CF5F1006A1E4D /* image_1.jpg in Resources */,
				CBF2100C1F061E95006A1E4D /* ic_action_person_outline.png in Resources */,
				CBF2105D1F0CF5F1006A1E4D /* image_19.jpg in Resources */,
				CBF2106E1F0CF5F1006A1E4D /* image_36.jpg in Resources */,
				CBF210601F0CF5F1006A1E4D /* image_22.jpg in Resources */,
				CBF210051F061E95006A1E4D /* ic_action_dhyana.png in Resources */,
				CBF210591F0CF5F1006A1E4D /* image_15.jpg in Resources */,
				CBF210711F0CF5F1006A1E4D /* image_39.jpg in Resources */,
				CBF2106A1F0CF5F1006A1E4D /* image_32.jpg in Resources */,
				CBF210011F061E95006A1E4D /* ic_action_call.png in Resources */,
				CBF210641F0CF5F1006A1E4D /* image_26.jpg in Resources */,
				CBF210731F0CF5F1006A1E4D /* image_41.jpg in Resources */,
				CBF2105F1F0CF5F1006A1E4D /* image_21.jpg in Resources */,
				CBF210611F0CF5F1006A1E4D /* image_23.jpg in Resources */,
				CBF2105B1F0CF5F1006A1E4D /* image_17.jpg in Resources */,
				CBF210001F061E95006A1E4D /* ic_action_aum_mantra_symbol.png in Resources */,
				CBF2100E1F061E95006A1E4D /* ic_action_thumb_up.png in Resources */,
				CBF210741F0CF5F1006A1E4D /* image_42.jpg in Resources */,
				CBF2104C1F0CF5F1006A1E4D /* image_2.jpg in Resources */,
				CBF210671F0CF5F1006A1E4D /* image_29.jpg in Resources */,
				CBF2106D1F0CF5F1006A1E4D /* image_35.jpg in Resources */,
				CBF2100D1F061E95006A1E4D /* ic_action_share.png in Resources */,
				CBF210551F0CF5F1006A1E4D /* image_11.jpg in Resources */,
				CBF2106F1F0CF5F1006A1E4D /* image_37.jpg in Resources */,
				CBF20FA31F04BBC2006A1E4D /* Main.storyboard in Resources */,
				CBF210501F0CF5F1006A1E4D /* image_6.jpg in Resources */,
				CBF210681F0CF5F1006A1E4D /* image_30.jpg in Resources */,
				CBF2100B1F061E95006A1E4D /* ic_action_ondemand_video.png in Resources */,
				CBF210521F0CF5F1006A1E4D /* image_8.jpg in Resources */,
				CBF210571F0CF5F1006A1E4D /* image_13.jpg in Resources */,
				CBF210581F0CF5F1006A1E4D /* image_14.jpg in Resources */,
				CBF2105A1F0CF5F1006A1E4D /* image_16.jpg in Resources */,
			);
			runOnlyForDeploymentPostprocessing = 0;
		};
		CBF20FAC1F04BBC3006A1E4D /* Resources */ = {
			isa = PBXResourcesBuildPhase;
			buildActionMask = 2147483647;
			files = (
			);
			runOnlyForDeploymentPostprocessing = 0;
		};
		CBF20FB71F04BBC3006A1E4D /* Resources */ = {
			isa = PBXResourcesBuildPhase;
			buildActionMask = 2147483647;
			files = (
			);
			runOnlyForDeploymentPostprocessing = 0;
		};
/* End PBXResourcesBuildPhase section */

/* Begin PBXShellScriptBuildPhase section */
		4A77B60C7D0241EA9A7861A5 /* [CP] Check Pods Manifest.lock */ = {
			isa = PBXShellScriptBuildPhase;
			buildActionMask = 2147483647;
			files = (
			);
			inputPaths = (
			);
			name = "[CP] Check Pods Manifest.lock";
			outputPaths = (
			);
			runOnlyForDeploymentPostprocessing = 0;
			shellPath = /bin/sh;
			shellScript = "diff \"${PODS_PODFILE_DIR_PATH}/Podfile.lock\" \"${PODS_ROOT}/Manifest.lock\" > /dev/null\nif [ $? != 0 ] ; then\n    # print error to STDERR\n    echo \"error: The sandbox is not in sync with the Podfile.lock. Run 'pod install' or update your CocoaPods installation.\" >&2\n    exit 1\nfi\n";
			showEnvVarsInLog = 0;
		};
		4C63C809BE85FEB485B347BF /* [CP] Check Pods Manifest.lock */ = {
			isa = PBXShellScriptBuildPhase;
			buildActionMask = 2147483647;
			files = (
			);
			inputPaths = (
			);
			name = "[CP] Check Pods Manifest.lock";
			outputPaths = (
			);
			runOnlyForDeploymentPostprocessing = 0;
			shellPath = /bin/sh;
			shellScript = "diff \"${PODS_PODFILE_DIR_PATH}/Podfile.lock\" \"${PODS_ROOT}/Manifest.lock\" > /dev/null\nif [ $? != 0 ] ; then\n    # print error to STDERR\n    echo \"error: The sandbox is not in sync with the Podfile.lock. Run 'pod install' or update your CocoaPods installation.\" >&2\n    exit 1\nfi\n";
			showEnvVarsInLog = 0;
		};
		4FCF663BB2DCB259E8C9FCC8 /* [CP] Copy Pods Resources */ = {
			isa = PBXShellScriptBuildPhase;
			buildActionMask = 2147483647;
			files = (
			);
			inputPaths = (
			);
			name = "[CP] Copy Pods Resources";
			outputPaths = (
			);
			runOnlyForDeploymentPostprocessing = 0;
			shellPath = /bin/sh;
			shellScript = "\"${SRCROOT}/Pods/Target Support Files/Pods-DhyanaMandira/Pods-DhyanaMandira-resources.sh\"\n";
			showEnvVarsInLog = 0;
		};
		82921151AB386E2B827F833C /* [CP] Copy Pods Resources */ = {
			isa = PBXShellScriptBuildPhase;
			buildActionMask = 2147483647;
			files = (
			);
			inputPaths = (
			);
			name = "[CP] Copy Pods Resources";
			outputPaths = (
			);
			runOnlyForDeploymentPostprocessing = 0;
			shellPath = /bin/sh;
			shellScript = "\"${SRCROOT}/Pods/Target Support Files/Pods-DhyanaMandiraUITests/Pods-DhyanaMandiraUITests-resources.sh\"\n";
			showEnvVarsInLog = 0;
		};
		837093A433845E9F95C3B825 /* [CP] Embed Pods Frameworks */ = {
			isa = PBXShellScriptBuildPhase;
			buildActionMask = 2147483647;
			files = (
			);
			inputPaths = (
			);
			name = "[CP] Embed Pods Frameworks";
			outputPaths = (
			);
			runOnlyForDeploymentPostprocessing = 0;
			shellPath = /bin/sh;
			shellScript = "\"${SRCROOT}/Pods/Target Support Files/Pods-DhyanaMandiraTests/Pods-DhyanaMandiraTests-frameworks.sh\"\n";
			showEnvVarsInLog = 0;
		};
		AFD22D5C71597CF6B00688EF /* [CP] Check Pods Manifest.lock */ = {
			isa = PBXShellScriptBuildPhase;
			buildActionMask = 2147483647;
			files = (
			);
			inputPaths = (
			);
			name = "[CP] Check Pods Manifest.lock";
			outputPaths = (
			);
			runOnlyForDeploymentPostprocessing = 0;
			shellPath = /bin/sh;
			shellScript = "diff \"${PODS_PODFILE_DIR_PATH}/Podfile.lock\" \"${PODS_ROOT}/Manifest.lock\" > /dev/null\nif [ $? != 0 ] ; then\n    # print error to STDERR\n    echo \"error: The sandbox is not in sync with the Podfile.lock. Run 'pod install' or update your CocoaPods installation.\" >&2\n    exit 1\nfi\n";
			showEnvVarsInLog = 0;
		};
		BB8B6C8DC83E24E7ECB05382 /* [CP] Copy Pods Resources */ = {
			isa = PBXShellScriptBuildPhase;
			buildActionMask = 2147483647;
			files = (
			);
			inputPaths = (
			);
			name = "[CP] Copy Pods Resources";
			outputPaths = (
			);
			runOnlyForDeploymentPostprocessing = 0;
			shellPath = /bin/sh;
			shellScript = "\"${SRCROOT}/Pods/Target Support Files/Pods-DhyanaMandiraTests/Pods-DhyanaMandiraTests-resources.sh\"\n";
			showEnvVarsInLog = 0;
		};
		DA335D7BD4629EA2A3387EF2 /* [CP] Embed Pods Frameworks */ = {
			isa = PBXShellScriptBuildPhase;
			buildActionMask = 2147483647;
			files = (
			);
			inputPaths = (
			);
			name = "[CP] Embed Pods Frameworks";
			outputPaths = (
			);
			runOnlyForDeploymentPostprocessing = 0;
			shellPath = /bin/sh;
			shellScript = "\"${SRCROOT}/Pods/Target Support Files/Pods-DhyanaMandira/Pods-DhyanaMandira-frameworks.sh\"\n";
			showEnvVarsInLog = 0;
		};
		F16B392835C891115A67CDF8 /* [CP] Embed Pods Frameworks */ = {
			isa = PBXShellScriptBuildPhase;
			buildActionMask = 2147483647;
			files = (
			);
			inputPaths = (
			);
			name = "[CP] Embed Pods Frameworks";
			outputPaths = (
			);
			runOnlyForDeploymentPostprocessing = 0;
			shellPath = /bin/sh;
			shellScript = "\"${SRCROOT}/Pods/Target Support Files/Pods-DhyanaMandiraUITests/Pods-DhyanaMandiraUITests-frameworks.sh\"\n";
			showEnvVarsInLog = 0;
		};
/* End PBXShellScriptBuildPhase section */

/* Begin PBXSourcesBuildPhase section */
		CBF20F961F04BBC2006A1E4D /* Sources */ = {
			isa = PBXSourcesBuildPhase;
			buildActionMask = 2147483647;
			files = (
				CBF2101B1F0A522E006A1E4D /* FounderViewController.swift in Sources */,
				CBF210781F0CF91E006A1E4D /* GalleryCollectionViewCell.swift in Sources */,
				CBF2108E1F0E65AB006A1E4D /* FacebookViewController.swift in Sources */,
				CBF2108A1F0E6289006A1E4D /* AbhyasaViewController.swift in Sources */,
				CBF210761F0CF6CA006A1E4D /* GalleryViewController.swift in Sources */,
				CBF20FDF1F051AC9006A1E4D /* MMDrawerVisualState.m in Sources */,
				CBF210171F0A4C26006A1E4D /* AshtangaViewController.swift in Sources */,
				CBF20FA01F04BBC2006A1E4D /* ViewController.swift in Sources */,
				CBF210191F0A4DF7006A1E4D /* DhyanaMandiraViewController.swift in Sources */,
				CBF20FE61F06156C006A1E4D /* NavigationDrawerMenuItemTableViewCell.swift in Sources */,
				CBF210881F0E6272006A1E4D /* CommentsViewController.swift in Sources */,
				CBF210151F0A06BA006A1E4D /* RegistrationViewController.swift in Sources */,
				CBF20FE01F051AC9006A1E4D /* UIViewController+MMDrawerController.m in Sources */,
				CBF210861F0E6250006A1E4D /* EventsViewController.swift in Sources */,
				CBF2107A1F0D11A5006A1E4D /* VisitViewController.swift in Sources */,
				CBF20FDE1F051AC9006A1E4D /* MMDrawerController.m in Sources */,
				CBF2108C1F0E629F006A1E4D /* MantrasViewController.swift in Sources */,
				CBF20FDD1F051AC9006A1E4D /* MMDrawerBarButtonItem.m in Sources */,
				CBF20F9E1F04BBC2006A1E4D /* AppDelegate.swift in Sources */,
				CBF2107C1F0E48E9006A1E4D /* CallViewController.swift in Sources */,
				CBF20FD21F05193B006A1E4D /* LeftSideNavViewController.swift in Sources */,
			);
			runOnlyForDeploymentPostprocessing = 0;
		};
		CBF20FAA1F04BBC3006A1E4D /* Sources */ = {
			isa = PBXSourcesBuildPhase;
			buildActionMask = 2147483647;
			files = (
				CBF20FB31F04BBC3006A1E4D /* DhyanaMandiraTests.swift in Sources */,
			);
			runOnlyForDeploymentPostprocessing = 0;
		};
		CBF20FB51F04BBC3006A1E4D /* Sources */ = {
			isa = PBXSourcesBuildPhase;
			buildActionMask = 2147483647;
			files = (
				CBF20FBE1F04BBC3006A1E4D /* DhyanaMandiraUITests.swift in Sources */,
			);
			runOnlyForDeploymentPostprocessing = 0;
		};
/* End PBXSourcesBuildPhase section */

/* Begin PBXTargetDependency section */
		CBF20FB01F04BBC3006A1E4D /* PBXTargetDependency */ = {
			isa = PBXTargetDependency;
			target = CBF20F991F04BBC2006A1E4D /* DhyanaMandira */;
			targetProxy = CBF20FAF1F04BBC3006A1E4D /* PBXContainerItemProxy */;
		};
		CBF20FBB1F04BBC3006A1E4D /* PBXTargetDependency */ = {
			isa = PBXTargetDependency;
			target = CBF20F991F04BBC2006A1E4D /* DhyanaMandira */;
			targetProxy = CBF20FBA1F04BBC3006A1E4D /* PBXContainerItemProxy */;
		};
/* End PBXTargetDependency section */

/* Begin PBXVariantGroup section */
		CBF20FA11F04BBC2006A1E4D /* Main.storyboard */ = {
			isa = PBXVariantGroup;
			children = (
				CBF20FA21F04BBC2006A1E4D /* Base */,
			);
			name = Main.storyboard;
			sourceTree = "<group>";
		};
		CBF20FA61F04BBC2006A1E4D /* LaunchScreen.storyboard */ = {
			isa = PBXVariantGroup;
			children = (
				CBF20FA71F04BBC2006A1E4D /* Base */,
			);
			name = LaunchScreen.storyboard;
			sourceTree = "<group>";
		};
/* End PBXVariantGroup section */

/* Begin XCBuildConfiguration section */
		CBF20FC01F04BBC3006A1E4D /* Debug */ = {
			isa = XCBuildConfiguration;
			buildSettings = {
				ALWAYS_SEARCH_USER_PATHS = NO;
				CLANG_ANALYZER_NONNULL = YES;
				CLANG_ANALYZER_NUMBER_OBJECT_CONVERSION = YES_AGGRESSIVE;
				CLANG_CXX_LANGUAGE_STANDARD = "gnu++0x";
				CLANG_CXX_LIBRARY = "libc++";
				CLANG_ENABLE_MODULES = YES;
				CLANG_ENABLE_OBJC_ARC = YES;
				CLANG_WARN_BOOL_CONVERSION = YES;
				CLANG_WARN_CONSTANT_CONVERSION = YES;
				CLANG_WARN_DIRECT_OBJC_ISA_USAGE = YES_ERROR;
				CLANG_WARN_DOCUMENTATION_COMMENTS = YES;
				CLANG_WARN_EMPTY_BODY = YES;
				CLANG_WARN_ENUM_CONVERSION = YES;
				CLANG_WARN_INFINITE_RECURSION = YES;
				CLANG_WARN_INT_CONVERSION = YES;
				CLANG_WARN_OBJC_ROOT_CLASS = YES_ERROR;
				CLANG_WARN_SUSPICIOUS_MOVE = YES;
				CLANG_WARN_UNREACHABLE_CODE = YES;
				CLANG_WARN__DUPLICATE_METHOD_MATCH = YES;
				"CODE_SIGN_IDENTITY[sdk=iphoneos*]" = "iPhone Developer";
				COPY_PHASE_STRIP = NO;
				DEBUG_INFORMATION_FORMAT = dwarf;
				ENABLE_STRICT_OBJC_MSGSEND = YES;
				ENABLE_TESTABILITY = YES;
				GCC_C_LANGUAGE_STANDARD = gnu99;
				GCC_DYNAMIC_NO_PIC = NO;
				GCC_NO_COMMON_BLOCKS = YES;
				GCC_OPTIMIZATION_LEVEL = 0;
				GCC_PREPROCESSOR_DEFINITIONS = (
					"DEBUG=1",
					"$(inherited)",
				);
				GCC_WARN_64_TO_32_BIT_CONVERSION = YES;
				GCC_WARN_ABOUT_RETURN_TYPE = YES_ERROR;
				GCC_WARN_UNDECLARED_SELECTOR = YES;
				GCC_WARN_UNINITIALIZED_AUTOS = YES_AGGRESSIVE;
				GCC_WARN_UNUSED_FUNCTION = YES;
				GCC_WARN_UNUSED_VARIABLE = YES;
				IPHONEOS_DEPLOYMENT_TARGET = 10.3;
				MTL_ENABLE_DEBUG_INFO = YES;
				ONLY_ACTIVE_ARCH = YES;
				SDKROOT = iphoneos;
				SWIFT_ACTIVE_COMPILATION_CONDITIONS = DEBUG;
				SWIFT_OPTIMIZATION_LEVEL = "-Onone";
				TARGETED_DEVICE_FAMILY = "1,2";
			};
			name = Debug;
		};
		CBF20FC11F04BBC3006A1E4D /* Release */ = {
			isa = XCBuildConfiguration;
			buildSettings = {
				ALWAYS_SEARCH_USER_PATHS = NO;
				CLANG_ANALYZER_NONNULL = YES;
				CLANG_ANALYZER_NUMBER_OBJECT_CONVERSION = YES_AGGRESSIVE;
				CLANG_CXX_LANGUAGE_STANDARD = "gnu++0x";
				CLANG_CXX_LIBRARY = "libc++";
				CLANG_ENABLE_MODULES = YES;
				CLANG_ENABLE_OBJC_ARC = YES;
				CLANG_WARN_BOOL_CONVERSION = YES;
				CLANG_WARN_CONSTANT_CONVERSION = YES;
				CLANG_WARN_DIRECT_OBJC_ISA_USAGE = YES_ERROR;
				CLANG_WARN_DOCUMENTATION_COMMENTS = YES;
				CLANG_WARN_EMPTY_BODY = YES;
				CLANG_WARN_ENUM_CONVERSION = YES;
				CLANG_WARN_INFINITE_RECURSION = YES;
				CLANG_WARN_INT_CONVERSION = YES;
				CLANG_WARN_OBJC_ROOT_CLASS = YES_ERROR;
				CLANG_WARN_SUSPICIOUS_MOVE = YES;
				CLANG_WARN_UNREACHABLE_CODE = YES;
				CLANG_WARN__DUPLICATE_METHOD_MATCH = YES;
				"CODE_SIGN_IDENTITY[sdk=iphoneos*]" = "iPhone Developer";
				COPY_PHASE_STRIP = NO;
				DEBUG_INFORMATION_FORMAT = "dwarf-with-dsym";
				ENABLE_NS_ASSERTIONS = NO;
				ENABLE_STRICT_OBJC_MSGSEND = YES;
				GCC_C_LANGUAGE_STANDARD = gnu99;
				GCC_NO_COMMON_BLOCKS = YES;
				GCC_WARN_64_TO_32_BIT_CONVERSION = YES;
				GCC_WARN_ABOUT_RETURN_TYPE = YES_ERROR;
				GCC_WARN_UNDECLARED_SELECTOR = YES;
				GCC_WARN_UNINITIALIZED_AUTOS = YES_AGGRESSIVE;
				GCC_WARN_UNUSED_FUNCTION = YES;
				GCC_WARN_UNUSED_VARIABLE = YES;
				IPHONEOS_DEPLOYMENT_TARGET = 10.3;
				MTL_ENABLE_DEBUG_INFO = NO;
				SDKROOT = iphoneos;
				SWIFT_OPTIMIZATION_LEVEL = "-Owholemodule";
				TARGETED_DEVICE_FAMILY = "1,2";
				VALIDATE_PRODUCT = YES;
			};
			name = Release;
		};
		CBF20FC31F04BBC3006A1E4D /* Debug */ = {
			isa = XCBuildConfiguration;
			baseConfigurationReference = 8DFE5B9A4738726BE861E201 /* Pods-DhyanaMandira.debug.xcconfig */;
			buildSettings = {
				ASSETCATALOG_COMPILER_APPICON_NAME = AppIcon;
				CLANG_ENABLE_MODULES = YES;
				DEVELOPMENT_TEAM = HY9VKUPG9A;
				INFOPLIST_FILE = DhyanaMandira/Info.plist;
				LD_RUNPATH_SEARCH_PATHS = "$(inherited) @executable_path/Frameworks";
				PRODUCT_BUNDLE_IDENTIFIER = personal.DhyanaMandira;
				PRODUCT_NAME = "$(TARGET_NAME)";
				SWIFT_OBJC_BRIDGING_HEADER = "DhyanaMandira/DhyanaMandira-Bridging-Header.h";
				SWIFT_OPTIMIZATION_LEVEL = "-Onone";
				SWIFT_VERSION = 3.0;
			};
			name = Debug;
		};
		CBF20FC41F04BBC3006A1E4D /* Release */ = {
			isa = XCBuildConfiguration;
			baseConfigurationReference = CB9B7578E4E9A221CC964689 /* Pods-DhyanaMandira.release.xcconfig */;
			buildSettings = {
				ASSETCATALOG_COMPILER_APPICON_NAME = AppIcon;
				CLANG_ENABLE_MODULES = YES;
				DEVELOPMENT_TEAM = HY9VKUPG9A;
				INFOPLIST_FILE = DhyanaMandira/Info.plist;
				LD_RUNPATH_SEARCH_PATHS = "$(inherited) @executable_path/Frameworks";
				PRODUCT_BUNDLE_IDENTIFIER = personal.DhyanaMandira;
				PRODUCT_NAME = "$(TARGET_NAME)";
				SWIFT_OBJC_BRIDGING_HEADER = "DhyanaMandira/DhyanaMandira-Bridging-Header.h";
				SWIFT_VERSION = 3.0;
			};
			name = Release;
		};
		CBF20FC61F04BBC3006A1E4D /* Debug */ = {
			isa = XCBuildConfiguration;
			baseConfigurationReference = 31C1A549EBAD4DE6E1B5C02B /* Pods-DhyanaMandiraTests.debug.xcconfig */;
			buildSettings = {
				ALWAYS_EMBED_SWIFT_STANDARD_LIBRARIES = YES;
				BUNDLE_LOADER = "$(TEST_HOST)";
				DEVELOPMENT_TEAM = HY9VKUPG9A;
				INFOPLIST_FILE = DhyanaMandiraTests/Info.plist;
				LD_RUNPATH_SEARCH_PATHS = "$(inherited) @executable_path/Frameworks @loader_path/Frameworks";
				PRODUCT_BUNDLE_IDENTIFIER = com.braingalore.DhyanaMandiraTests;
				PRODUCT_NAME = "$(TARGET_NAME)";
				SWIFT_VERSION = 3.0;
				TEST_HOST = "$(BUILT_PRODUCTS_DIR)/DhyanaMandira.app/DhyanaMandira";
			};
			name = Debug;
		};
		CBF20FC71F04BBC3006A1E4D /* Release */ = {
			isa = XCBuildConfiguration;
			baseConfigurationReference = 785E0C3A4641A32125E243B4 /* Pods-DhyanaMandiraTests.release.xcconfig */;
			buildSettings = {
				ALWAYS_EMBED_SWIFT_STANDARD_LIBRARIES = YES;
				BUNDLE_LOADER = "$(TEST_HOST)";
				DEVELOPMENT_TEAM = HY9VKUPG9A;
				INFOPLIST_FILE = DhyanaMandiraTests/Info.plist;
				LD_RUNPATH_SEARCH_PATHS = "$(inherited) @executable_path/Frameworks @loader_path/Frameworks";
				PRODUCT_BUNDLE_IDENTIFIER = com.braingalore.DhyanaMandiraTests;
				PRODUCT_NAME = "$(TARGET_NAME)";
				SWIFT_VERSION = 3.0;
				TEST_HOST = "$(BUILT_PRODUCTS_DIR)/DhyanaMandira.app/DhyanaMandira";
			};
			name = Release;
		};
		CBF20FC91F04BBC3006A1E4D /* Debug */ = {
			isa = XCBuildConfiguration;
			baseConfigurationReference = 6453E7CD1CBACCFB3F79D755 /* Pods-DhyanaMandiraUITests.debug.xcconfig */;
			buildSettings = {
				ALWAYS_EMBED_SWIFT_STANDARD_LIBRARIES = YES;
				DEVELOPMENT_TEAM = HY9VKUPG9A;
				INFOPLIST_FILE = DhyanaMandiraUITests/Info.plist;
				LD_RUNPATH_SEARCH_PATHS = "$(inherited) @executable_path/Frameworks @loader_path/Frameworks";
				PRODUCT_BUNDLE_IDENTIFIER = com.braingalore.DhyanaMandiraUITests;
				PRODUCT_NAME = "$(TARGET_NAME)";
				SWIFT_VERSION = 3.0;
				TEST_TARGET_NAME = DhyanaMandira;
			};
			name = Debug;
		};
		CBF20FCA1F04BBC3006A1E4D /* Release */ = {
			isa = XCBuildConfiguration;
			baseConfigurationReference = FE2605940C96C93F50AC9017 /* Pods-DhyanaMandiraUITests.release.xcconfig */;
			buildSettings = {
				ALWAYS_EMBED_SWIFT_STANDARD_LIBRARIES = YES;
				DEVELOPMENT_TEAM = HY9VKUPG9A;
				INFOPLIST_FILE = DhyanaMandiraUITests/Info.plist;
				LD_RUNPATH_SEARCH_PATHS = "$(inherited) @executable_path/Frameworks @loader_path/Frameworks";
				PRODUCT_BUNDLE_IDENTIFIER = com.braingalore.DhyanaMandiraUITests;
				PRODUCT_NAME = "$(TARGET_NAME)";
				SWIFT_VERSION = 3.0;
				TEST_TARGET_NAME = DhyanaMandira;
			};
			name = Release;
		};
/* End XCBuildConfiguration section */

/* Begin XCConfigurationList section */
		CBF20F951F04BBC2006A1E4D /* Build configuration list for PBXProject "DhyanaMandira" */ = {
			isa = XCConfigurationList;
			buildConfigurations = (
				CBF20FC01F04BBC3006A1E4D /* Debug */,
				CBF20FC11F04BBC3006A1E4D /* Release */,
			);
			defaultConfigurationIsVisible = 0;
			defaultConfigurationName = Release;
		};
		CBF20FC21F04BBC3006A1E4D /* Build configuration list for PBXNativeTarget "DhyanaMandira" */ = {
			isa = XCConfigurationList;
			buildConfigurations = (
				CBF20FC31F04BBC3006A1E4D /* Debug */,
				CBF20FC41F04BBC3006A1E4D /* Release */,
			);
			defaultConfigurationIsVisible = 0;
			defaultConfigurationName = Release;
		};
		CBF20FC51F04BBC3006A1E4D /* Build configuration list for PBXNativeTarget "DhyanaMandiraTests" */ = {
			isa = XCConfigurationList;
			buildConfigurations = (
				CBF20FC61F04BBC3006A1E4D /* Debug */,
				CBF20FC71F04BBC3006A1E4D /* Release */,
			);
			defaultConfigurationIsVisible = 0;
			defaultConfigurationName = Release;
		};
		CBF20FC81F04BBC3006A1E4D /* Build configuration list for PBXNativeTarget "DhyanaMandiraUITests" */ = {
			isa = XCConfigurationList;
			buildConfigurations = (
				CBF20FC91F04BBC3006A1E4D /* Debug */,
				CBF20FCA1F04BBC3006A1E4D /* Release */,
			);
			defaultConfigurationIsVisible = 0;
			defaultConfigurationName = Release;
		};
/* End XCConfigurationList section */
	};
	rootObject = CBF20F921F04BBC2006A1E4D /* Project object */;
}
